
Microsoft Visual Studio Solution File, Format Version 12.00
# Visual Studio 15
VisualStudioVersion = 15.0.27703.2035
MinimumVisualStudioVersion = 10.0.40219.1
Project("{2150E333-8FDC-42A3-9474-1A3956D46DE8}") = "1.Client", "1.Client", "{417654BC-30A5-4517-9DA1-AA0BE3884FCB}"
EndProject
Project("{2150E333-8FDC-42A3-9474-1A3956D46DE8}") = "2.LogicaDeNegocio", "2.LogicaDeNegocio", "{84650DA0-09E2-4C66-9CCE-05EFE0CCCD2B}"
EndProject
Project("{2150E333-8FDC-42A3-9474-1A3956D46DE8}") = "3.Infraestructura", "3.Infraestructura", "{8BFE515B-C19B-460B-BC7C-8A369A2EC324}"
EndProject
Project("{FAE04EC0-301F-11D3-BF4B-00C04F79EFBC}") = "AplicacionRerauranteBL", "AplicacionRerauranteBL\AplicacionRerauranteBL.csproj", "{1AD816F5-594C-4CB2-8698-A775696C62EF}"
EndProject
Project("{FAE04EC0-301F-11D3-BF4B-00C04F79EFBC}") = "Infraestructura.Data", "Infraestructura.Data\Infraestructura.Data.csproj", "{69D6F2F2-2D99-409F-9755-671AD5DF96EB}"
EndProject
Project("{FAE04EC0-301F-11D3-BF4B-00C04F79EFBC}") = "Infraestructura.trasversal", "Infraestructura.trasversal\Infraestructura.trasversal.csproj", "{3A10A2A7-1706-42A9-AD3F-685F403307FD}"
EndProject
Project("{FAE04EC0-301F-11D3-BF4B-00C04F79EFBC}") = "WebClientRestaurante", "WebClientRestaurante\WebClientRestaurante.csproj", "{066C0C39-C8BC-4F3D-B54D-565224E4E88B}"
EndProject
Global
	GlobalSection(SolutionConfigurationPlatforms) = preSolution
		Debug|Any CPU = Debug|Any CPU
		Release|Any CPU = Release|Any CPU
	EndGlobalSection
	GlobalSection(ProjectConfigurationPlatforms) = postSolution
		{1AD816F5-594C-4CB2-8698-A775696C62EF}.Debug|Any CPU.ActiveCfg = Debug|Any CPU
		{1AD816F5-594C-4CB2-8698-A775696C62EF}.Debug|Any CPU.Build.0 = Debug|Any CPU
		{1AD816F5-594C-4CB2-8698-A775696C62EF}.Release|Any CPU.ActiveCfg = Release|Any CPU
		{1AD816F5-594C-4CB2-8698-A775696C62EF}.Release|Any CPU.Build.0 = Release|Any CPU
		{69D6F2F2-2D99-409F-9755-671AD5DF96EB}.Debug|Any CPU.ActiveCfg = Debug|Any CPU
		{69D6F2F2-2D99-409F-9755-671AD5DF96EB}.Debug|Any CPU.Build.0 = Debug|Any CPU
		{69D6F2F2-2D99-409F-9755-671AD5DF96EB}.Release|Any CPU.ActiveCfg = Release|Any CPU
		{69D6F2F2-2D99-409F-9755-671AD5DF96EB}.Release|Any CPU.Build.0 = Release|Any CPU
		{3A10A2A7-1706-42A9-AD3F-685F403307FD}.Debug|Any CPU.ActiveCfg = Debug|Any CPU
		{3A10A2A7-1706-42A9-AD3F-685F403307FD}.Debug|Any CPU.Build.0 = Debug|Any CPU
		{3A10A2A7-1706-42A9-AD3F-685F403307FD}.Release|Any CPU.ActiveCfg = Release|Any CPU
		{3A10A2A7-1706-42A9-AD3F-685F403307FD}.Release|Any CPU.Build.0 = Release|Any CPU
		{066C0C39-C8BC-4F3D-B54D-565224E4E88B}.Debug|Any CPU.ActiveCfg = Debug|Any CPU
		{066C0C39-C8BC-4F3D-B54D-565224E4E88B}.Debug|Any CPU.Build.0 = Debug|Any CPU
		{066C0C39-C8BC-4F3D-B54D-565224E4E88B}.Release|Any CPU.ActiveCfg = Release|Any CPU
		{066C0C39-C8BC-4F3D-B54D-565224E4E88B}.Release|Any CPU.Build.0 = Release|Any CPU
	EndGlobalSection
	GlobalSection(SolutionProperties) = preSolution
		HideSolutionNode = FALSE
	EndGlobalSection
	GlobalSection(NestedProjects) = preSolution
		{1AD816F5-594C-4CB2-8698-A775696C62EF} = {84650DA0-09E2-4C66-9CCE-05EFE0CCCD2B}
		{69D6F2F2-2D99-409F-9755-671AD5DF96EB} = {8BFE515B-C19B-460B-BC7C-8A369A2EC324}
		{3A10A2A7-1706-42A9-AD3F-685F403307FD} = {8BFE515B-C19B-460B-BC7C-8A369A2EC324}
		{066C0C39-C8BC-4F3D-B54D-565224E4E88B} = {417654BC-30A5-4517-9DA1-AA0BE3884FCB}
	EndGlobalSection
	GlobalSection(ExtensibilityGlobals) = postSolution
		SolutionGuid = {DBECEB40-444E-459E-9539-71B0EDCA13FD}
	EndGlobalSection
EndGlobal
