
Microsoft Visual Studio Solution File, Format Version 12.00
# Visual Studio 15
VisualStudioVersion = 15.0.27703.2035
MinimumVisualStudioVersion = 10.0.40219.1
Project("{2150E333-8FDC-42A3-9474-1A3956D46DE8}") = "1.Client", "1.Client", "{417654BC-30A5-4517-9DA1-AA0BE3884FCB}"
EndProject
Project("{2150E333-8FDC-42A3-9474-1A3956D46DE8}") = "2.LogicaDeNegocio", "2.LogicaDeNegocio", "{84650DA0-09E2-4C66-9CCE-05EFE0CCCD2B}"
EndProject
Project("{2150E333-8FDC-42A3-9474-1A3956D46DE8}") = "3.Infraestructura", "3.Infraestructura", "{8BFE515B-C19B-460B-BC7C-8A369A2EC324}"
EndProject
Project("{9A19103F-16F7-4668-BE54-9A1E7A4F7556}") = "WebClientRestaurante", "WebClientRestaurante\WebClientRestaurante.csproj", "{066C0C39-C8BC-4F3D-B54D-565224E4E88B}"
EndProject
Project("{9A19103F-16F7-4668-BE54-9A1E7A4F7556}") = "Dc.BusinnesLogic", "Dc.BusinnesLogic\Dc.BusinnesLogic.csproj", "{EBAD8534-451D-40AB-B3C3-947E9062145A}"
EndProject
Project("{9A19103F-16F7-4668-BE54-9A1E7A4F7556}") = "Dc.Infrastructure.Data", "Dc.Infrastructure.Data\Dc.Infrastructure.Data.csproj", "{1A860709-801E-4604-9B19-5473610BEED1}"
EndProject
Project("{9A19103F-16F7-4668-BE54-9A1E7A4F7556}") = "Dc.Infrastructure.Trasversal", "Dc.Infrastructure.Trasversal\Dc.Infrastructure.Trasversal.csproj", "{98518322-462D-4B31-AAD0-A5614EEC6A82}"
EndProject
Global
	GlobalSection(SolutionConfigurationPlatforms) = preSolution
		Debug|Any CPU = Debug|Any CPU
		Release|Any CPU = Release|Any CPU
	EndGlobalSection
	GlobalSection(ProjectConfigurationPlatforms) = postSolution
		{066C0C39-C8BC-4F3D-B54D-565224E4E88B}.Debug|Any CPU.ActiveCfg = Debug|Any CPU
		{066C0C39-C8BC-4F3D-B54D-565224E4E88B}.Debug|Any CPU.Build.0 = Debug|Any CPU
		{066C0C39-C8BC-4F3D-B54D-565224E4E88B}.Release|Any CPU.ActiveCfg = Release|Any CPU
		{066C0C39-C8BC-4F3D-B54D-565224E4E88B}.Release|Any CPU.Build.0 = Release|Any CPU
		{EBAD8534-451D-40AB-B3C3-947E9062145A}.Debug|Any CPU.ActiveCfg = Debug|Any CPU
		{EBAD8534-451D-40AB-B3C3-947E9062145A}.Debug|Any CPU.Build.0 = Debug|Any CPU
		{EBAD8534-451D-40AB-B3C3-947E9062145A}.Release|Any CPU.ActiveCfg = Release|Any CPU
		{EBAD8534-451D-40AB-B3C3-947E9062145A}.Release|Any CPU.Build.0 = Release|Any CPU
		{1A860709-801E-4604-9B19-5473610BEED1}.Debug|Any CPU.ActiveCfg = Debug|Any CPU
		{1A860709-801E-4604-9B19-5473610BEED1}.Debug|Any CPU.Build.0 = Debug|Any CPU
		{1A860709-801E-4604-9B19-5473610BEED1}.Release|Any CPU.ActiveCfg = Release|Any CPU
		{1A860709-801E-4604-9B19-5473610BEED1}.Release|Any CPU.Build.0 = Release|Any CPU
		{98518322-462D-4B31-AAD0-A5614EEC6A82}.Debug|Any CPU.ActiveCfg = Debug|Any CPU
		{98518322-462D-4B31-AAD0-A5614EEC6A82}.Debug|Any CPU.Build.0 = Debug|Any CPU
		{98518322-462D-4B31-AAD0-A5614EEC6A82}.Release|Any CPU.ActiveCfg = Release|Any CPU
		{98518322-462D-4B31-AAD0-A5614EEC6A82}.Release|Any CPU.Build.0 = Release|Any CPU
	EndGlobalSection
	GlobalSection(SolutionProperties) = preSolution
		HideSolutionNode = FALSE
	EndGlobalSection
	GlobalSection(NestedProjects) = preSolution
		{066C0C39-C8BC-4F3D-B54D-565224E4E88B} = {417654BC-30A5-4517-9DA1-AA0BE3884FCB}
		{EBAD8534-451D-40AB-B3C3-947E9062145A} = {84650DA0-09E2-4C66-9CCE-05EFE0CCCD2B}
		{1A860709-801E-4604-9B19-5473610BEED1} = {8BFE515B-C19B-460B-BC7C-8A369A2EC324}
		{98518322-462D-4B31-AAD0-A5614EEC6A82} = {8BFE515B-C19B-460B-BC7C-8A369A2EC324}
	EndGlobalSection
	GlobalSection(ExtensibilityGlobals) = postSolution
		SolutionGuid = {DBECEB40-444E-459E-9539-71B0EDCA13FD}
	EndGlobalSection
EndGlobal
